
Microsoft Visual Studio Solution File, Format Version 12.00
# Visual Studio Version 17
VisualStudioVersion = 17.14.36414.22 d17.14
MinimumVisualStudioVersion = 10.0.40219.1
Project("{FAE04EC0-301F-11D3-BF4B-00C04F79EFBC}") = "SMS", "SMS\SMS.csproj", "{C16222FD-EA55-4BCE-AD5E-1C98339E5569}"
EndProject
Global
	GlobalSection(SolutionConfigurationPlatforms) = preSolution
		Debug|Any CPU = Debug|Any CPU
		Release|Any CPU = Release|Any CPU
	EndGlobalSection
	GlobalSection(ProjectConfigurationPlatforms) = postSolution
		{C16222FD-EA55-4BCE-AD5E-1C98339E5569}.Debug|Any CPU.ActiveCfg = Debug|Any CPU
		{C16222FD-EA55-4BCE-AD5E-1C98339E5569}.Debug|Any CPU.Build.0 = Debug|Any CPU
		{C16222FD-EA55-4BCE-AD5E-1C98339E5569}.Release|Any CPU.ActiveCfg = Release|Any CPU
		{C16222FD-EA55-4BCE-AD5E-1C98339E5569}.Release|Any CPU.Build.0 = Release|Any CPU
	EndGlobalSection
	GlobalSection(SolutionProperties) = preSolution
		HideSolutionNode = FALSE
	EndGlobalSection
	GlobalSection(ExtensibilityGlobals) = postSolution
		SolutionGuid = {B4064398-475C-45EF-872F-CCE27F5EA805}
	EndGlobalSection
EndGlobal
