
Microsoft Visual Studio Solution File, Format Version 12.00
# Visual Studio Version 17
VisualStudioVersion = 17.14.36202.13 d17.14
MinimumVisualStudioVersion = 10.0.40219.1
Project("{FAE04EC0-301F-11D3-BF4B-00C04F79EFBC}") = "trial", "trial.csproj", "{58B3C8E5-2F7F-47F1-AC4C-B24AB5CDEF2A}"
EndProject
Global
	GlobalSection(SolutionConfigurationPlatforms) = preSolution
		Debug|Any CPU = Debug|Any CPU
		Release|Any CPU = Release|Any CPU
	EndGlobalSection
	GlobalSection(ProjectConfigurationPlatforms) = postSolution
		{58B3C8E5-2F7F-47F1-AC4C-B24AB5CDEF2A}.Debug|Any CPU.ActiveCfg = Debug|Any CPU
		{58B3C8E5-2F7F-47F1-AC4C-B24AB5CDEF2A}.Debug|Any CPU.Build.0 = Debug|Any CPU
		{58B3C8E5-2F7F-47F1-AC4C-B24AB5CDEF2A}.Release|Any CPU.ActiveCfg = Release|Any CPU
		{58B3C8E5-2F7F-47F1-AC4C-B24AB5CDEF2A}.Release|Any CPU.Build.0 = Release|Any CPU
	EndGlobalSection
	GlobalSection(SolutionProperties) = preSolution
		HideSolutionNode = FALSE
	EndGlobalSection
	GlobalSection(ExtensibilityGlobals) = postSolution
		SolutionGuid = {97B7CF8D-6C54-49A8-B589-532A200D5AF6}
	EndGlobalSection
EndGlobal
