
Microsoft Visual Studio Solution File, Format Version 12.00
# Visual Studio Version 17
VisualStudioVersion = 17.14.36202.13 d17.14
MinimumVisualStudioVersion = 10.0.40219.1
Project("{FAE04EC0-301F-11D3-BF4B-00C04F79EFBC}") = "Lab-5", "Lab-5.csproj", "{A12B1E59-1371-4F6F-BAEF-66ABF6E150F2}"
EndProject
Global
	GlobalSection(SolutionConfigurationPlatforms) = preSolution
		Debug|Any CPU = Debug|Any CPU
		Release|Any CPU = Release|Any CPU
	EndGlobalSection
	GlobalSection(ProjectConfigurationPlatforms) = postSolution
		{A12B1E59-1371-4F6F-BAEF-66ABF6E150F2}.Debug|Any CPU.ActiveCfg = Debug|Any CPU
		{A12B1E59-1371-4F6F-BAEF-66ABF6E150F2}.Debug|Any CPU.Build.0 = Debug|Any CPU
		{A12B1E59-1371-4F6F-BAEF-66ABF6E150F2}.Release|Any CPU.ActiveCfg = Release|Any CPU
		{A12B1E59-1371-4F6F-BAEF-66ABF6E150F2}.Release|Any CPU.Build.0 = Release|Any CPU
	EndGlobalSection
	GlobalSection(SolutionProperties) = preSolution
		HideSolutionNode = FALSE
	EndGlobalSection
	GlobalSection(ExtensibilityGlobals) = postSolution
		SolutionGuid = {262580CF-EF3E-4D13-8F36-567050E13E2E}
	EndGlobalSection
EndGlobal
